
Microsoft Visual Studio Solution File, Format Version 11.00
# Visual C# Express 2010
Project("{FAE04EC0-301F-11D3-BF4B-00C04F79EFBC}") = "ThreadPool", "ThreadPool\ThreadPool.csproj", "{B238949E-3201-416F-8CBB-68613D6A6ABA}"
EndProject
Global
	GlobalSection(SolutionConfigurationPlatforms) = preSolution
		Debug|x86 = Debug|x86
		Release|x86 = Release|x86
	EndGlobalSection
	GlobalSection(ProjectConfigurationPlatforms) = postSolution
		{B238949E-3201-416F-8CBB-68613D6A6ABA}.Debug|x86.ActiveCfg = Debug|x86
		{B238949E-3201-416F-8CBB-68613D6A6ABA}.Debug|x86.Build.0 = Debug|x86
		{B238949E-3201-416F-8CBB-68613D6A6ABA}.Release|x86.ActiveCfg = Release|x86
		{B238949E-3201-416F-8CBB-68613D6A6ABA}.Release|x86.Build.0 = Release|x86
	EndGlobalSection
	GlobalSection(SolutionProperties) = preSolution
		HideSolutionNode = FALSE
	EndGlobalSection
EndGlobal
